// !$*UTF8*$!
{
	archiveVersion = 1;
	classes = {
	};
	objectVersion = 55;
	objects = {

/* Begin PBXBuildFile section */
		3105BB0A25BBC61C00A2E401 /* AppDelegate.swift in Sources */ = {isa = PBXBuildFile; fileRef = 3105BB0925BBC61C00A2E401 /* AppDelegate.swift */; };
		3105BB1325BBC61C00A2E401 /* Assets.xcassets in Resources */ = {isa = PBXBuildFile; fileRef = 3105BB1225BBC61C00A2E401 /* Assets.xcassets */; };
		3105BB1625BBC61C00A2E401 /* LaunchScreen.storyboard in Resources */ = {isa = PBXBuildFile; fileRef = 3105BB1425BBC61C00A2E401 /* LaunchScreen.storyboard */; };
		3124C2F4296FAB46009D768A /* HttpDesc.md in Resources */ = {isa = PBXBuildFile; fileRef = 3124C2F3296FAB45009D768A /* HttpDesc.md */; };
		31409BCB2967CEB000F37939 /* MsgVC.swift in Sources */ = {isa = PBXBuildFile; fileRef = 31409BCA2967CEB000F37939 /* MsgVC.swift */; };
		3142B1072967EB5E0021E233 /* BaseNavVC.swift in Sources */ = {isa = PBXBuildFile; fileRef = 3142B1062967EB5E0021E233 /* BaseNavVC.swift */; };
		3169E6AE296F9F9300348CFA /* UITextField+font.swift in Sources */ = {isa = PBXBuildFile; fileRef = 3169E69E296F9F9300348CFA /* UITextField+font.swift */; };
		3169E6AF296F9F9300348CFA /* UIFont+ext.swift in Sources */ = {isa = PBXBuildFile; fileRef = 3169E69F296F9F9300348CFA /* UIFont+ext.swift */; };
		3169E6B0296F9F9300348CFA /* UITextView+font.swift in Sources */ = {isa = PBXBuildFile; fileRef = 3169E6A0296F9F9300348CFA /* UITextView+font.swift */; };
		3169E6B1296F9F9300348CFA /* UILabel+font.swift in Sources */ = {isa = PBXBuildFile; fileRef = 3169E6A1296F9F9300348CFA /* UILabel+font.swift */; };
		3169E6B2296F9F9300348CFA /* UIButton+font.swift in Sources */ = {isa = PBXBuildFile; fileRef = 3169E6A2296F9F9300348CFA /* UIButton+font.swift */; };
		3169E6B9296F9F9300348CFA /* CurUser.swift in Sources */ = {isa = PBXBuildFile; fileRef = 3169E6AD296F9F9300348CFA /* CurUser.swift */; };
		3178AF0D29680630008F759B /* LoginVC.swift in Sources */ = {isa = PBXBuildFile; fileRef = 3178AF0C29680630008F759B /* LoginVC.swift */; };
		3186CE7125F7625A00A92E7C /* CodableDefaultValue.swift in Sources */ = {isa = PBXBuildFile; fileRef = 3186CE7025F7625A00A92E7C /* CodableDefaultValue.swift */; };
		318ADFDD296FA812000B7957 /* NetworkManager.swift in Sources */ = {isa = PBXBuildFile; fileRef = 318ADFD6296FA812000B7957 /* NetworkManager.swift */; };
		318ADFDE296FA812000B7957 /* NetworkResponseJson.swift in Sources */ = {isa = PBXBuildFile; fileRef = 318ADFD8296FA812000B7957 /* NetworkResponseJson.swift */; };
		318ADFDF296FA812000B7957 /* NetworkHelper.swift in Sources */ = {isa = PBXBuildFile; fileRef = 318ADFD9296FA812000B7957 /* NetworkHelper.swift */; };
		318ADFE0296FA812000B7957 /* NetworkBaseUrl.swift in Sources */ = {isa = PBXBuildFile; fileRef = 318ADFDA296FA812000B7957 /* NetworkBaseUrl.swift */; };
		318ADFE1296FA812000B7957 /* NetworkRequestObject.swift in Sources */ = {isa = PBXBuildFile; fileRef = 318ADFDB296FA812000B7957 /* NetworkRequestObject.swift */; };
		318ADFE2296FA812000B7957 /* NetworkServerCode.swift in Sources */ = {isa = PBXBuildFile; fileRef = 318ADFDC296FA812000B7957 /* NetworkServerCode.swift */; };
		31D189C02967BBAC0032F4E9 /* TabC.swift in Sources */ = {isa = PBXBuildFile; fileRef = 31D189BF2967BBAC0032F4E9 /* TabC.swift */; };
		31D189C22967BCF90032F4E9 /* NavC.swift in Sources */ = {isa = PBXBuildFile; fileRef = 31D189C12967BCF90032F4E9 /* NavC.swift */; };
		31D189C42967BDB50032F4E9 /* NavCOfModal.swift in Sources */ = {isa = PBXBuildFile; fileRef = 31D189C32967BDB50032F4E9 /* NavCOfModal.swift */; };
		31D189C72967BEA00032F4E9 /* Color.swift in Sources */ = {isa = PBXBuildFile; fileRef = 31D189C62967BEA00032F4E9 /* Color.swift */; };
		31D189C92967C0030032F4E9 /* Color_common.swift in Sources */ = {isa = PBXBuildFile; fileRef = 31D189C82967C0030032F4E9 /* Color_common.swift */; };
		31D189CC2967C0B50032F4E9 /* BaseVC.swift in Sources */ = {isa = PBXBuildFile; fileRef = 31D189CB2967C0B50032F4E9 /* BaseVC.swift */; };
		31D189CF2967C29D0032F4E9 /* Printer.swift in Sources */ = {isa = PBXBuildFile; fileRef = 31D189CE2967C29D0032F4E9 /* Printer.swift */; };
		31D189D22967C2C80032F4E9 /* EnvCfg.swift in Sources */ = {isa = PBXBuildFile; fileRef = 31D189D12967C2C80032F4E9 /* EnvCfg.swift */; };
		31D189DA2967C6280032F4E9 /* SquareVC.swift in Sources */ = {isa = PBXBuildFile; fileRef = 31D189D92967C6280032F4E9 /* SquareVC.swift */; };
		31D189DC2967C6310032F4E9 /* ProfileVC.swift in Sources */ = {isa = PBXBuildFile; fileRef = 31D189DB2967C6310032F4E9 /* ProfileVC.swift */; };
		31D189DE2967C6390032F4E9 /* HomeVC.swift in Sources */ = {isa = PBXBuildFile; fileRef = 31D189DD2967C6390032F4E9 /* HomeVC.swift */; };
		31D35FD929682E1800050D69 /* WerewolfAudioMale.bundle in Resources */ = {isa = PBXBuildFile; fileRef = 31D35FD529682E1700050D69 /* WerewolfAudioMale.bundle */; };
		31D35FDA29682E1800050D69 /* WerewolfAudioCantonese.bundle in Resources */ = {isa = PBXBuildFile; fileRef = 31D35FD629682E1700050D69 /* WerewolfAudioCantonese.bundle */; };
		31D35FDB29682E1800050D69 /* WerewolfAudioClassic.bundle in Resources */ = {isa = PBXBuildFile; fileRef = 31D35FD729682E1700050D69 /* WerewolfAudioClassic.bundle */; };
		31D35FDC29682E1800050D69 /* WerewolfAudioFemale.bundle in Resources */ = {isa = PBXBuildFile; fileRef = 31D35FD829682E1800050D69 /* WerewolfAudioFemale.bundle */; };
		D9AE2854C6066443E925EBFC /* Pods_YSKitProject.framework in Frameworks */ = {isa = PBXBuildFile; fileRef = E0208AACAE7E8FFA2BF6FB57 /* Pods_YSKitProject.framework */; };
/* End PBXBuildFile section */

/* Begin PBXFileReference section */
		14F2BE118767E4265E51EE11 /* Pods-YSKitProject.release.xcconfig */ = {isa = PBXFileReference; includeInIndex = 1; lastKnownFileType = text.xcconfig; name = "Pods-YSKitProject.release.xcconfig"; path = "Target Support Files/Pods-YSKitProject/Pods-YSKitProject.release.xcconfig"; sourceTree = "<group>"; };
		3105BB0625BBC61C00A2E401 /* YSKitProject.app */ = {isa = PBXFileReference; explicitFileType = wrapper.application; includeInIndex = 0; path = YSKitProject.app; sourceTree = BUILT_PRODUCTS_DIR; };
		3105BB0925BBC61C00A2E401 /* AppDelegate.swift */ = {isa = PBXFileReference; lastKnownFileType = sourcecode.swift; path = AppDelegate.swift; sourceTree = "<group>"; };
		3105BB1225BBC61C00A2E401 /* Assets.xcassets */ = {isa = PBXFileReference; lastKnownFileType = folder.assetcatalog; path = Assets.xcassets; sourceTree = "<group>"; };
		3105BB1525BBC61C00A2E401 /* Base */ = {isa = PBXFileReference; lastKnownFileType = file.storyboard; name = Base; path = Base.lproj/LaunchScreen.storyboard; sourceTree = "<group>"; };
		3105BB1725BBC61C00A2E401 /* Info.plist */ = {isa = PBXFileReference; lastKnownFileType = text.plist.xml; path = Info.plist; sourceTree = "<group>"; };
		3105BB2325BBC67700A2E401 /* YSKitProject-Bridging-Header.h */ = {isa = PBXFileReference; lastKnownFileType = sourcecode.c.h; path = "YSKitProject-Bridging-Header.h"; sourceTree = "<group>"; };
		3124C2F3296FAB45009D768A /* HttpDesc.md */ = {isa = PBXFileReference; fileEncoding = 4; lastKnownFileType = net.daringfireball.markdown; path = HttpDesc.md; sourceTree = "<group>"; };
		31409BCA2967CEB000F37939 /* MsgVC.swift */ = {isa = PBXFileReference; lastKnownFileType = sourcecode.swift; path = MsgVC.swift; sourceTree = "<group>"; };
		3142B1062967EB5E0021E233 /* BaseNavVC.swift */ = {isa = PBXFileReference; lastKnownFileType = sourcecode.swift; path = BaseNavVC.swift; sourceTree = "<group>"; };
		3169E69E296F9F9300348CFA /* UITextField+font.swift */ = {isa = PBXFileReference; fileEncoding = 4; lastKnownFileType = sourcecode.swift; path = "UITextField+font.swift"; sourceTree = "<group>"; };
		3169E69F296F9F9300348CFA /* UIFont+ext.swift */ = {isa = PBXFileReference; fileEncoding = 4; lastKnownFileType = sourcecode.swift; path = "UIFont+ext.swift"; sourceTree = "<group>"; };
		3169E6A0296F9F9300348CFA /* UITextView+font.swift */ = {isa = PBXFileReference; fileEncoding = 4; lastKnownFileType = sourcecode.swift; path = "UITextView+font.swift"; sourceTree = "<group>"; };
		3169E6A1296F9F9300348CFA /* UILabel+font.swift */ = {isa = PBXFileReference; fileEncoding = 4; lastKnownFileType = sourcecode.swift; path = "UILabel+font.swift"; sourceTree = "<group>"; };
		3169E6A2296F9F9300348CFA /* UIButton+font.swift */ = {isa = PBXFileReference; fileEncoding = 4; lastKnownFileType = sourcecode.swift; path = "UIButton+font.swift"; sourceTree = "<group>"; };
		3169E6AD296F9F9300348CFA /* CurUser.swift */ = {isa = PBXFileReference; fileEncoding = 4; lastKnownFileType = sourcecode.swift; path = CurUser.swift; sourceTree = "<group>"; };
		3178AF0C29680630008F759B /* LoginVC.swift */ = {isa = PBXFileReference; lastKnownFileType = sourcecode.swift; path = LoginVC.swift; sourceTree = "<group>"; };
		3186CE7025F7625A00A92E7C /* CodableDefaultValue.swift */ = {isa = PBXFileReference; lastKnownFileType = sourcecode.swift; path = CodableDefaultValue.swift; sourceTree = "<group>"; };
		318ADFD6296FA812000B7957 /* NetworkManager.swift */ = {isa = PBXFileReference; fileEncoding = 4; lastKnownFileType = sourcecode.swift; path = NetworkManager.swift; sourceTree = "<group>"; };
		318ADFD8296FA812000B7957 /* NetworkResponseJson.swift */ = {isa = PBXFileReference; fileEncoding = 4; lastKnownFileType = sourcecode.swift; path = NetworkResponseJson.swift; sourceTree = "<group>"; };
		318ADFD9296FA812000B7957 /* NetworkHelper.swift */ = {isa = PBXFileReference; fileEncoding = 4; lastKnownFileType = sourcecode.swift; path = NetworkHelper.swift; sourceTree = "<group>"; };
		318ADFDA296FA812000B7957 /* NetworkBaseUrl.swift */ = {isa = PBXFileReference; fileEncoding = 4; lastKnownFileType = sourcecode.swift; path = NetworkBaseUrl.swift; sourceTree = "<group>"; };
		318ADFDB296FA812000B7957 /* NetworkRequestObject.swift */ = {isa = PBXFileReference; fileEncoding = 4; lastKnownFileType = sourcecode.swift; path = NetworkRequestObject.swift; sourceTree = "<group>"; };
		318ADFDC296FA812000B7957 /* NetworkServerCode.swift */ = {isa = PBXFileReference; fileEncoding = 4; lastKnownFileType = sourcecode.swift; path = NetworkServerCode.swift; sourceTree = "<group>"; };
		31D189BF2967BBAC0032F4E9 /* TabC.swift */ = {isa = PBXFileReference; lastKnownFileType = sourcecode.swift; path = TabC.swift; sourceTree = "<group>"; };
		31D189C12967BCF90032F4E9 /* NavC.swift */ = {isa = PBXFileReference; lastKnownFileType = sourcecode.swift; path = NavC.swift; sourceTree = "<group>"; };
		31D189C32967BDB50032F4E9 /* NavCOfModal.swift */ = {isa = PBXFileReference; lastKnownFileType = sourcecode.swift; path = NavCOfModal.swift; sourceTree = "<group>"; };
		31D189C62967BEA00032F4E9 /* Color.swift */ = {isa = PBXFileReference; lastKnownFileType = sourcecode.swift; path = Color.swift; sourceTree = "<group>"; };
		31D189C82967C0030032F4E9 /* Color_common.swift */ = {isa = PBXFileReference; lastKnownFileType = sourcecode.swift; path = Color_common.swift; sourceTree = "<group>"; };
		31D189CB2967C0B50032F4E9 /* BaseVC.swift */ = {isa = PBXFileReference; lastKnownFileType = sourcecode.swift; path = BaseVC.swift; sourceTree = "<group>"; };
		31D189CE2967C29D0032F4E9 /* Printer.swift */ = {isa = PBXFileReference; lastKnownFileType = sourcecode.swift; path = Printer.swift; sourceTree = "<group>"; };
		31D189D12967C2C80032F4E9 /* EnvCfg.swift */ = {isa = PBXFileReference; lastKnownFileType = sourcecode.swift; path = EnvCfg.swift; sourceTree = "<group>"; };
		31D189D92967C6280032F4E9 /* SquareVC.swift */ = {isa = PBXFileReference; lastKnownFileType = sourcecode.swift; path = SquareVC.swift; sourceTree = "<group>"; };
		31D189DB2967C6310032F4E9 /* ProfileVC.swift */ = {isa = PBXFileReference; lastKnownFileType = sourcecode.swift; path = ProfileVC.swift; sourceTree = "<group>"; };
		31D189DD2967C6390032F4E9 /* HomeVC.swift */ = {isa = PBXFileReference; lastKnownFileType = sourcecode.swift; path = HomeVC.swift; sourceTree = "<group>"; };
		31D35FD529682E1700050D69 /* WerewolfAudioMale.bundle */ = {isa = PBXFileReference; lastKnownFileType = "wrapper.plug-in"; path = WerewolfAudioMale.bundle; sourceTree = "<group>"; };
		31D35FD629682E1700050D69 /* WerewolfAudioCantonese.bundle */ = {isa = PBXFileReference; lastKnownFileType = "wrapper.plug-in"; path = WerewolfAudioCantonese.bundle; sourceTree = "<group>"; };
		31D35FD729682E1700050D69 /* WerewolfAudioClassic.bundle */ = {isa = PBXFileReference; lastKnownFileType = "wrapper.plug-in"; path = WerewolfAudioClassic.bundle; sourceTree = "<group>"; };
		31D35FD829682E1800050D69 /* WerewolfAudioFemale.bundle */ = {isa = PBXFileReference; lastKnownFileType = "wrapper.plug-in"; path = WerewolfAudioFemale.bundle; sourceTree = "<group>"; };
		368CADDE3E956462A8DE5357 /* Pods-YSKitProject.debug.xcconfig */ = {isa = PBXFileReference; includeInIndex = 1; lastKnownFileType = text.xcconfig; name = "Pods-YSKitProject.debug.xcconfig"; path = "Target Support Files/Pods-YSKitProject/Pods-YSKitProject.debug.xcconfig"; sourceTree = "<group>"; };
		E0208AACAE7E8FFA2BF6FB57 /* Pods_YSKitProject.framework */ = {isa = PBXFileReference; explicitFileType = wrapper.framework; includeInIndex = 0; path = Pods_YSKitProject.framework; sourceTree = BUILT_PRODUCTS_DIR; };
/* End PBXFileReference section */

/* Begin PBXFrameworksBuildPhase section */
		3105BB0325BBC61C00A2E401 /* Frameworks */ = {
			isa = PBXFrameworksBuildPhase;
			buildActionMask = 2147483647;
			files = (
				D9AE2854C6066443E925EBFC /* Pods_YSKitProject.framework in Frameworks */,
			);
			runOnlyForDeploymentPostprocessing = 0;
		};
/* End PBXFrameworksBuildPhase section */

/* Begin PBXGroup section */
		3105BAFD25BBC61C00A2E401 = {
			isa = PBXGroup;
			children = (
				501756EE1592A0D2AD945F59 /* Frameworks */,
				D5433C3605B087868697BD40 /* Pods */,
				3105BB0725BBC61C00A2E401 /* Products */,
				3105BB0825BBC61C00A2E401 /* YSKitProject */,
			);
			sourceTree = "<group>";
		};
		3105BB0725BBC61C00A2E401 /* Products */ = {
			isa = PBXGroup;
			children = (
				3105BB0625BBC61C00A2E401 /* YSKitProject.app */,
			);
			name = Products;
			sourceTree = "<group>";
		};
		3105BB0825BBC61C00A2E401 /* YSKitProject */ = {
			isa = PBXGroup;
			children = (
				3105BB2125BBC65700A2E401 /* AppDelegate */,
				3186CE7425F7628C00A92E7C /* CodableDefaultValue */,
				31D189C52967BE7C0032F4E9 /* Color */,
				31D189D02967C2BA0032F4E9 /* Config */,
				3105BB2225BBC66100A2E401 /* Function */,
				3105BB2025BBC64900A2E401 /* SupportFiles */,
				31D189CD2967C0F70032F4E9 /* Tool */,
				3169E69C296F9F9300348CFA /* YSAssist */,
			);
			path = YSKitProject;
			sourceTree = "<group>";
		};
		3105BB2025BBC64900A2E401 /* SupportFiles */ = {
			isa = PBXGroup;
			children = (
				3105BB1225BBC61C00A2E401 /* Assets.xcassets */,
				3105BB1725BBC61C00A2E401 /* Info.plist */,
				3105BB1425BBC61C00A2E401 /* LaunchScreen.storyboard */,
				3105BB2325BBC67700A2E401 /* YSKitProject-Bridging-Header.h */,
			);
			name = SupportFiles;
			sourceTree = "<group>";
		};
		3105BB2125BBC65700A2E401 /* AppDelegate */ = {
			isa = PBXGroup;
			children = (
				3105BB0925BBC61C00A2E401 /* AppDelegate.swift */,
			);
			name = AppDelegate;
			sourceTree = "<group>";
		};
		3105BB2225BBC66100A2E401 /* Function */ = {
			isa = PBXGroup;
			children = (
				31D35FD329682DE700050D69 /* Werewolf */,
				3178AF0A2968061E008F759B /* Login */,
				31409BC82967CEA100F37939 /* Msg */,
				31D189D52967C5E60032F4E9 /* Square */,
				31D189D42967C5AB0032F4E9 /* Profile */,
				31D189D32967C5870032F4E9 /* Home */,
				31D189CA2967C0A70032F4E9 /* Base */,
				31D189BE2967BB9A0032F4E9 /* Main */,
			);
			path = Function;
			sourceTree = "<group>";
		};
		31409BC82967CEA100F37939 /* Msg */ = {
			isa = PBXGroup;
			children = (
				31409BC92967CEA600F37939 /* VC */,
			);
			path = Msg;
			sourceTree = "<group>";
		};
		31409BC92967CEA600F37939 /* VC */ = {
			isa = PBXGroup;
			children = (
				31409BCA2967CEB000F37939 /* MsgVC.swift */,
			);
			path = VC;
			sourceTree = "<group>";
		};
		3169E69C296F9F9300348CFA /* YSAssist */ = {
			isa = PBXGroup;
			children = (
				318ADFD4296FA812000B7957 /* Network */,
				3169E69D296F9F9300348CFA /* Extension */,
				3169E6AC296F9F9300348CFA /* CurUser */,
			);
			path = YSAssist;
			sourceTree = "<group>";
		};
		3169E69D296F9F9300348CFA /* Extension */ = {
			isa = PBXGroup;
			children = (
				3169E6A2296F9F9300348CFA /* UIButton+font.swift */,
				3169E69F296F9F9300348CFA /* UIFont+ext.swift */,
				3169E6A1296F9F9300348CFA /* UILabel+font.swift */,
				3169E69E296F9F9300348CFA /* UITextField+font.swift */,
				3169E6A0296F9F9300348CFA /* UITextView+font.swift */,
			);
			path = Extension;
			sourceTree = "<group>";
		};
		3169E6AC296F9F9300348CFA /* CurUser */ = {
			isa = PBXGroup;
			children = (
				3169E6AD296F9F9300348CFA /* CurUser.swift */,
			);
			path = CurUser;
			sourceTree = "<group>";
		};
		3178AF0A2968061E008F759B /* Login */ = {
			isa = PBXGroup;
			children = (
				3178AF0B29680624008F759B /* VC */,
			);
			path = Login;
			sourceTree = "<group>";
		};
		3178AF0B29680624008F759B /* VC */ = {
			isa = PBXGroup;
			children = (
				3178AF0C29680630008F759B /* LoginVC.swift */,
			);
			path = VC;
			sourceTree = "<group>";
		};
		3186CE7425F7628C00A92E7C /* CodableDefaultValue */ = {
			isa = PBXGroup;
			children = (
				3186CE7025F7625A00A92E7C /* CodableDefaultValue.swift */,
			);
			path = CodableDefaultValue;
			sourceTree = "<group>";
		};
		318ADFD4296FA812000B7957 /* Network */ = {
			isa = PBXGroup;
			children = (
				318ADFD5296FA812000B7957 /* Http */,
			);
			path = Network;
			sourceTree = "<group>";
		};
		318ADFD5296FA812000B7957 /* Http */ = {
			isa = PBXGroup;
			children = (
				3124C2F3296FAB45009D768A /* HttpDesc.md */,
				318ADFD6296FA812000B7957 /* NetworkManager.swift */,
				318ADFD7296FA812000B7957 /* NetworkHelper */,
			);
			path = Http;
			sourceTree = "<group>";
		};
		318ADFD7296FA812000B7957 /* NetworkHelper */ = {
			isa = PBXGroup;
			children = (
				318ADFD8296FA812000B7957 /* NetworkResponseJson.swift */,
				318ADFD9296FA812000B7957 /* NetworkHelper.swift */,
				318ADFDA296FA812000B7957 /* NetworkBaseUrl.swift */,
				318ADFDB296FA812000B7957 /* NetworkRequestObject.swift */,
				318ADFDC296FA812000B7957 /* NetworkServerCode.swift */,
			);
			path = NetworkHelper;
			sourceTree = "<group>";
		};
		31D189BE2967BB9A0032F4E9 /* Main */ = {
			isa = PBXGroup;
			children = (
				31D189BF2967BBAC0032F4E9 /* TabC.swift */,
				31D189C12967BCF90032F4E9 /* NavC.swift */,
				31D189C32967BDB50032F4E9 /* NavCOfModal.swift */,
			);
			path = Main;
			sourceTree = "<group>";
		};
		31D189C52967BE7C0032F4E9 /* Color */ = {
			isa = PBXGroup;
			children = (
				31D189C62967BEA00032F4E9 /* Color.swift */,
				31D189C82967C0030032F4E9 /* Color_common.swift */,
			);
			path = Color;
			sourceTree = "<group>";
		};
		31D189CA2967C0A70032F4E9 /* Base */ = {
			isa = PBXGroup;
			children = (
				31D189CB2967C0B50032F4E9 /* BaseVC.swift */,
				3142B1062967EB5E0021E233 /* BaseNavVC.swift */,
			);
			path = Base;
			sourceTree = "<group>";
		};
		31D189CD2967C0F70032F4E9 /* Tool */ = {
			isa = PBXGroup;
			children = (
				31D189CE2967C29D0032F4E9 /* Printer.swift */,
			);
			path = Tool;
			sourceTree = "<group>";
		};
		31D189D02967C2BA0032F4E9 /* Config */ = {
			isa = PBXGroup;
			children = (
				31D189D12967C2C80032F4E9 /* EnvCfg.swift */,
			);
			path = Config;
			sourceTree = "<group>";
		};
		31D189D32967C5870032F4E9 /* Home */ = {
			isa = PBXGroup;
			children = (
				31D189D82967C61B0032F4E9 /* VC */,
			);
			path = Home;
			sourceTree = "<group>";
		};
		31D189D42967C5AB0032F4E9 /* Profile */ = {
			isa = PBXGroup;
			children = (
				31D189D72967C6180032F4E9 /* VC */,
			);
			path = Profile;
			sourceTree = "<group>";
		};
		31D189D52967C5E60032F4E9 /* Square */ = {
			isa = PBXGroup;
			children = (
				31D189D62967C6120032F4E9 /* VC */,
			);
			path = Square;
			sourceTree = "<group>";
		};
		31D189D62967C6120032F4E9 /* VC */ = {
			isa = PBXGroup;
			children = (
				31D189D92967C6280032F4E9 /* SquareVC.swift */,
			);
			path = VC;
			sourceTree = "<group>";
		};
		31D189D72967C6180032F4E9 /* VC */ = {
			isa = PBXGroup;
			children = (
				31D189DB2967C6310032F4E9 /* ProfileVC.swift */,
			);
			path = VC;
			sourceTree = "<group>";
		};
		31D189D82967C61B0032F4E9 /* VC */ = {
			isa = PBXGroup;
			children = (
				31D189DD2967C6390032F4E9 /* HomeVC.swift */,
			);
			path = VC;
			sourceTree = "<group>";
		};
		31D35FD329682DE700050D69 /* Werewolf */ = {
			isa = PBXGroup;
			children = (
				31D35FD429682DF100050D69 /* AudioRes */,
			);
			path = Werewolf;
			sourceTree = "<group>";
		};
		31D35FD429682DF100050D69 /* AudioRes */ = {
			isa = PBXGroup;
			children = (
				31D35FD629682E1700050D69 /* WerewolfAudioCantonese.bundle */,
				31D35FD729682E1700050D69 /* WerewolfAudioClassic.bundle */,
				31D35FD829682E1800050D69 /* WerewolfAudioFemale.bundle */,
				31D35FD529682E1700050D69 /* WerewolfAudioMale.bundle */,
			);
			path = AudioRes;
			sourceTree = "<group>";
		};
		501756EE1592A0D2AD945F59 /* Frameworks */ = {
			isa = PBXGroup;
			children = (
				E0208AACAE7E8FFA2BF6FB57 /* Pods_YSKitProject.framework */,
			);
			name = Frameworks;
			sourceTree = "<group>";
		};
		D5433C3605B087868697BD40 /* Pods */ = {
			isa = PBXGroup;
			children = (
				368CADDE3E956462A8DE5357 /* Pods-YSKitProject.debug.xcconfig */,
				14F2BE118767E4265E51EE11 /* Pods-YSKitProject.release.xcconfig */,
			);
			path = Pods;
			sourceTree = "<group>";
		};
/* End PBXGroup section */

/* Begin PBXNativeTarget section */
		3105BB0525BBC61C00A2E401 /* YSKitProject */ = {
			isa = PBXNativeTarget;
			buildConfigurationList = 3105BB1A25BBC61C00A2E401 /* Build configuration list for PBXNativeTarget "YSKitProject" */;
			buildPhases = (
				9640DBCD7386306A00FD98F0 /* [CP] Check Pods Manifest.lock */,
				3105BB0225BBC61C00A2E401 /* Sources */,
				3105BB0325BBC61C00A2E401 /* Frameworks */,
				3105BB0425BBC61C00A2E401 /* Resources */,
				328A53F1AF177E53C2F4CD42 /* [CP] Embed Pods Frameworks */,
			);
			buildRules = (
			);
			dependencies = (
			);
			name = YSKitProject;
			productName = YSKitProject;
			productReference = 3105BB0625BBC61C00A2E401 /* YSKitProject.app */;
			productType = "com.apple.product-type.application";
		};
/* End PBXNativeTarget section */

/* Begin PBXProject section */
		3105BAFE25BBC61C00A2E401 /* Project object */ = {
			isa = PBXProject;
			attributes = {
				LastSwiftUpdateCheck = 1230;
				LastUpgradeCheck = 1230;
				TargetAttributes = {
					3105BB0525BBC61C00A2E401 = {
						CreatedOnToolsVersion = 12.3;
						LastSwiftMigration = 1230;
					};
				};
			};
			buildConfigurationList = 3105BB0125BBC61C00A2E401 /* Build configuration list for PBXProject "YSKitProject" */;
			compatibilityVersion = "Xcode 13.0";
			developmentRegion = en;
			hasScannedForEncodings = 0;
			knownRegions = (
				en,
				Base,
			);
			mainGroup = 3105BAFD25BBC61C00A2E401;
			productRefGroup = 3105BB0725BBC61C00A2E401 /* Products */;
			projectDirPath = "";
			projectRoot = "";
			targets = (
				3105BB0525BBC61C00A2E401 /* YSKitProject */,
			);
		};
/* End PBXProject section */

/* Begin PBXResourcesBuildPhase section */
		3105BB0425BBC61C00A2E401 /* Resources */ = {
			isa = PBXResourcesBuildPhase;
			buildActionMask = 2147483647;
			files = (
				3105BB1625BBC61C00A2E401 /* LaunchScreen.storyboard in Resources */,
				3105BB1325BBC61C00A2E401 /* Assets.xcassets in Resources */,
				3124C2F4296FAB46009D768A /* HttpDesc.md in Resources */,
				31D35FDA29682E1800050D69 /* WerewolfAudioCantonese.bundle in Resources */,
				31D35FDC29682E1800050D69 /* WerewolfAudioFemale.bundle in Resources */,
				31D35FD929682E1800050D69 /* WerewolfAudioMale.bundle in Resources */,
				31D35FDB29682E1800050D69 /* WerewolfAudioClassic.bundle in Resources */,
			);
			runOnlyForDeploymentPostprocessing = 0;
		};
/* End PBXResourcesBuildPhase section */

/* Begin PBXShellScriptBuildPhase section */
		328A53F1AF177E53C2F4CD42 /* [CP] Embed Pods Frameworks */ = {
			isa = PBXShellScriptBuildPhase;
			buildActionMask = 2147483647;
			files = (
			);
			inputFileListPaths = (
				"${PODS_ROOT}/Target Support Files/Pods-YSKitProject/Pods-YSKitProject-frameworks-${CONFIGURATION}-input-files.xcfilelist",
			);
			name = "[CP] Embed Pods Frameworks";
			outputFileListPaths = (
				"${PODS_ROOT}/Target Support Files/Pods-YSKitProject/Pods-YSKitProject-frameworks-${CONFIGURATION}-output-files.xcfilelist",
			);
			runOnlyForDeploymentPostprocessing = 0;
			shellPath = /bin/sh;
			shellScript = "\"${PODS_ROOT}/Target Support Files/Pods-YSKitProject/Pods-YSKitProject-frameworks.sh\"\n";
			showEnvVarsInLog = 0;
		};
		9640DBCD7386306A00FD98F0 /* [CP] Check Pods Manifest.lock */ = {
			isa = PBXShellScriptBuildPhase;
			buildActionMask = 2147483647;
			files = (
			);
			inputFileListPaths = (
			);
			inputPaths = (
				"${PODS_PODFILE_DIR_PATH}/Podfile.lock",
				"${PODS_ROOT}/Manifest.lock",
			);
			name = "[CP] Check Pods Manifest.lock";
			outputFileListPaths = (
			);
			outputPaths = (
				"$(DERIVED_FILE_DIR)/Pods-YSKitProject-checkManifestLockResult.txt",
			);
			runOnlyForDeploymentPostprocessing = 0;
			shellPath = /bin/sh;
			shellScript = "diff \"${PODS_PODFILE_DIR_PATH}/Podfile.lock\" \"${PODS_ROOT}/Manifest.lock\" > /dev/null\nif [ $? != 0 ] ; then\n    # print error to STDERR\n    echo \"error: The sandbox is not in sync with the Podfile.lock. Run 'pod install' or update your CocoaPods installation.\" >&2\n    exit 1\nfi\n# This output is used by Xcode 'outputs' to avoid re-running this script phase.\necho \"SUCCESS\" > \"${SCRIPT_OUTPUT_FILE_0}\"\n";
			showEnvVarsInLog = 0;
		};
/* End PBXShellScriptBuildPhase section */

/* Begin PBXSourcesBuildPhase section */
		3105BB0225BBC61C00A2E401 /* Sources */ = {
			isa = PBXSourcesBuildPhase;
			buildActionMask = 2147483647;
			files = (
				318ADFDD296FA812000B7957 /* NetworkManager.swift in Sources */,
				3105BB0A25BBC61C00A2E401 /* AppDelegate.swift in Sources */,
				31D189C22967BCF90032F4E9 /* NavC.swift in Sources */,
				3186CE7125F7625A00A92E7C /* CodableDefaultValue.swift in Sources */,
				3169E6AF296F9F9300348CFA /* UIFont+ext.swift in Sources */,
				3142B1072967EB5E0021E233 /* BaseNavVC.swift in Sources */,
				31D189CF2967C29D0032F4E9 /* Printer.swift in Sources */,
				3169E6AE296F9F9300348CFA /* UITextField+font.swift in Sources */,
				31D189CC2967C0B50032F4E9 /* BaseVC.swift in Sources */,
				318ADFE0296FA812000B7957 /* NetworkBaseUrl.swift in Sources */,
				3178AF0D29680630008F759B /* LoginVC.swift in Sources */,
				31D189C92967C0030032F4E9 /* Color_common.swift in Sources */,
				31D189D22967C2C80032F4E9 /* EnvCfg.swift in Sources */,
				31D189C02967BBAC0032F4E9 /* TabC.swift in Sources */,
				3169E6B1296F9F9300348CFA /* UILabel+font.swift in Sources */,
				31D189DC2967C6310032F4E9 /* ProfileVC.swift in Sources */,
				318ADFDE296FA812000B7957 /* NetworkResponseJson.swift in Sources */,
				31D189DE2967C6390032F4E9 /* HomeVC.swift in Sources */,
				318ADFDF296FA812000B7957 /* NetworkHelper.swift in Sources */,
				318ADFE1296FA812000B7957 /* NetworkRequestObject.swift in Sources */,
				3169E6B2296F9F9300348CFA /* UIButton+font.swift in Sources */,
				31D189C42967BDB50032F4E9 /* NavCOfModal.swift in Sources */,
				318ADFE2296FA812000B7957 /* NetworkServerCode.swift in Sources */,
				31D189DA2967C6280032F4E9 /* SquareVC.swift in Sources */,
				31409BCB2967CEB000F37939 /* MsgVC.swift in Sources */,
				3169E6B9296F9F9300348CFA /* CurUser.swift in Sources */,
				3169E6B0296F9F9300348CFA /* UITextView+font.swift in Sources */,
				31D189C72967BEA00032F4E9 /* Color.swift in Sources */,
			);
			runOnlyForDeploymentPostprocessing = 0;
		};
/* End PBXSourcesBuildPhase section */

/* Begin PBXVariantGroup section */
		3105BB1425BBC61C00A2E401 /* LaunchScreen.storyboard */ = {
			isa = PBXVariantGroup;
			children = (
				3105BB1525BBC61C00A2E401 /* Base */,
			);
			name = LaunchScreen.storyboard;
			sourceTree = "<group>";
		};
/* End PBXVariantGroup section */

/* Begin XCBuildConfiguration section */
		3105BB1825BBC61C00A2E401 /* Debug */ = {
			isa = XCBuildConfiguration;
			buildSettings = {
				ALWAYS_SEARCH_USER_PATHS = NO;
				CLANG_ANALYZER_NONNULL = YES;
				CLANG_ANALYZER_NUMBER_OBJECT_CONVERSION = YES_AGGRESSIVE;
				CLANG_CXX_LANGUAGE_STANDARD = "gnu++14";
				CLANG_CXX_LIBRARY = "libc++";
				CLANG_ENABLE_MODULES = YES;
				CLANG_ENABLE_OBJC_ARC = YES;
				CLANG_ENABLE_OBJC_WEAK = YES;
				CLANG_WARN_BLOCK_CAPTURE_AUTORELEASING = YES;
				CLANG_WARN_BOOL_CONVERSION = YES;
				CLANG_WARN_COMMA = YES;
				CLANG_WARN_CONSTANT_CONVERSION = YES;
				CLANG_WARN_DEPRECATED_OBJC_IMPLEMENTATIONS = YES;
				CLANG_WARN_DIRECT_OBJC_ISA_USAGE = YES_ERROR;
				CLANG_WARN_DOCUMENTATION_COMMENTS = YES;
				CLANG_WARN_EMPTY_BODY = YES;
				CLANG_WARN_ENUM_CONVERSION = YES;
				CLANG_WARN_INFINITE_RECURSION = YES;
				CLANG_WARN_INT_CONVERSION = YES;
				CLANG_WARN_NON_LITERAL_NULL_CONVERSION = YES;
				CLANG_WARN_OBJC_IMPLICIT_RETAIN_SELF = YES;
				CLANG_WARN_OBJC_LITERAL_CONVERSION = YES;
				CLANG_WARN_OBJC_ROOT_CLASS = YES_ERROR;
				CLANG_WARN_QUOTED_INCLUDE_IN_FRAMEWORK_HEADER = YES;
				CLANG_WARN_RANGE_LOOP_ANALYSIS = YES;
				CLANG_WARN_STRICT_PROTOTYPES = YES;
				CLANG_WARN_SUSPICIOUS_MOVE = YES;
				CLANG_WARN_UNGUARDED_AVAILABILITY = YES_AGGRESSIVE;
				CLANG_WARN_UNREACHABLE_CODE = YES;
				CLANG_WARN__DUPLICATE_METHOD_MATCH = YES;
				COPY_PHASE_STRIP = NO;
				DEBUG_INFORMATION_FORMAT = dwarf;
				ENABLE_STRICT_OBJC_MSGSEND = YES;
				ENABLE_TESTABILITY = YES;
				GCC_C_LANGUAGE_STANDARD = gnu11;
				GCC_DYNAMIC_NO_PIC = NO;
				GCC_NO_COMMON_BLOCKS = YES;
				GCC_OPTIMIZATION_LEVEL = 0;
				GCC_PREPROCESSOR_DEFINITIONS = (
					"DEBUG=1",
					"$(inherited)",
				);
				GCC_WARN_64_TO_32_BIT_CONVERSION = YES;
				GCC_WARN_ABOUT_RETURN_TYPE = YES_ERROR;
				GCC_WARN_UNDECLARED_SELECTOR = YES;
				GCC_WARN_UNINITIALIZED_AUTOS = YES_AGGRESSIVE;
				GCC_WARN_UNUSED_FUNCTION = YES;
				GCC_WARN_UNUSED_VARIABLE = YES;
				IPHONEOS_DEPLOYMENT_TARGET = 13.0;
				MTL_ENABLE_DEBUG_INFO = INCLUDE_SOURCE;
				MTL_FAST_MATH = YES;
				ONLY_ACTIVE_ARCH = YES;
				SDKROOT = iphoneos;
				SWIFT_ACTIVE_COMPILATION_CONDITIONS = DEBUG;
				SWIFT_OPTIMIZATION_LEVEL = "-Onone";
			};
			name = Debug;
		};
		3105BB1925BBC61C00A2E401 /* Release */ = {
			isa = XCBuildConfiguration;
			buildSettings = {
				ALWAYS_SEARCH_USER_PATHS = NO;
				CLANG_ANALYZER_NONNULL = YES;
				CLANG_ANALYZER_NUMBER_OBJECT_CONVERSION = YES_AGGRESSIVE;
				CLANG_CXX_LANGUAGE_STANDARD = "gnu++14";
				CLANG_CXX_LIBRARY = "libc++";
				CLANG_ENABLE_MODULES = YES;
				CLANG_ENABLE_OBJC_ARC = YES;
				CLANG_ENABLE_OBJC_WEAK = YES;
				CLANG_WARN_BLOCK_CAPTURE_AUTORELEASING = YES;
				CLANG_WARN_BOOL_CONVERSION = YES;
				CLANG_WARN_COMMA = YES;
				CLANG_WARN_CONSTANT_CONVERSION = YES;
				CLANG_WARN_DEPRECATED_OBJC_IMPLEMENTATIONS = YES;
				CLANG_WARN_DIRECT_OBJC_ISA_USAGE = YES_ERROR;
				CLANG_WARN_DOCUMENTATION_COMMENTS = YES;
				CLANG_WARN_EMPTY_BODY = YES;
				CLANG_WARN_ENUM_CONVERSION = YES;
				CLANG_WARN_INFINITE_RECURSION = YES;
				CLANG_WARN_INT_CONVERSION = YES;
				CLANG_WARN_NON_LITERAL_NULL_CONVERSION = YES;
				CLANG_WARN_OBJC_IMPLICIT_RETAIN_SELF = YES;
				CLANG_WARN_OBJC_LITERAL_CONVERSION = YES;
				CLANG_WARN_OBJC_ROOT_CLASS = YES_ERROR;
				CLANG_WARN_QUOTED_INCLUDE_IN_FRAMEWORK_HEADER = YES;
				CLANG_WARN_RANGE_LOOP_ANALYSIS = YES;
				CLANG_WARN_STRICT_PROTOTYPES = YES;
				CLANG_WARN_SUSPICIOUS_MOVE = YES;
				CLANG_WARN_UNGUARDED_AVAILABILITY = YES_AGGRESSIVE;
				CLANG_WARN_UNREACHABLE_CODE = YES;
				CLANG_WARN__DUPLICATE_METHOD_MATCH = YES;
				COPY_PHASE_STRIP = NO;
				DEBUG_INFORMATION_FORMAT = "dwarf-with-dsym";
				ENABLE_NS_ASSERTIONS = NO;
				ENABLE_STRICT_OBJC_MSGSEND = YES;
				GCC_C_LANGUAGE_STANDARD = gnu11;
				GCC_NO_COMMON_BLOCKS = YES;
				GCC_WARN_64_TO_32_BIT_CONVERSION = YES;
				GCC_WARN_ABOUT_RETURN_TYPE = YES_ERROR;
				GCC_WARN_UNDECLARED_SELECTOR = YES;
				GCC_WARN_UNINITIALIZED_AUTOS = YES_AGGRESSIVE;
				GCC_WARN_UNUSED_FUNCTION = YES;
				GCC_WARN_UNUSED_VARIABLE = YES;
				IPHONEOS_DEPLOYMENT_TARGET = 13.0;
				MTL_ENABLE_DEBUG_INFO = NO;
				MTL_FAST_MATH = YES;
				SDKROOT = iphoneos;
				SWIFT_COMPILATION_MODE = wholemodule;
				SWIFT_OPTIMIZATION_LEVEL = "-O";
				VALIDATE_PRODUCT = YES;
			};
			name = Release;
		};
		3105BB1B25BBC61C00A2E401 /* Debug */ = {
			isa = XCBuildConfiguration;
			baseConfigurationReference = 368CADDE3E956462A8DE5357 /* Pods-YSKitProject.debug.xcconfig */;
			buildSettings = {
				ASSETCATALOG_COMPILER_APPICON_NAME = AppIcon;
				ASSETCATALOG_COMPILER_GLOBAL_ACCENT_COLOR_NAME = AccentColor;
				CLANG_ENABLE_MODULES = YES;
				CODE_SIGN_STYLE = Automatic;
				CURRENT_PROJECT_VERSION = 1;
				DEVELOPMENT_TEAM = CL7DS2QP8C;
				INFOPLIST_FILE = YSKitProject/Info.plist;
				INFOPLIST_KEY_CFBundleDisplayName = YSKit;
				INFOPLIST_KEY_LSApplicationCategoryType = "public.app-category.developer-tools";
				INFOPLIST_KEY_UIApplicationSceneManifest_Generation = YES;
				LD_RUNPATH_SEARCH_PATHS = (
					"$(inherited)",
					"@executable_path/Frameworks",
				);
				MARKETING_VERSION = 1.0.0;
				PRODUCT_BUNDLE_IDENTIFIER = cn.ys.yskit;
				PRODUCT_NAME = "$(TARGET_NAME)";
				SUPPORTED_PLATFORMS = "iphoneos iphonesimulator";
				SUPPORTS_MACCATALYST = NO;
				SUPPORTS_MAC_DESIGNED_FOR_IPHONE_IPAD = NO;
				SWIFT_OBJC_BRIDGING_HEADER = "YSKitProject/YSKitProject-Bridging-Header.h";
				SWIFT_OPTIMIZATION_LEVEL = "-Onone";
				SWIFT_VERSION = 5.0;
				TARGETED_DEVICE_FAMILY = 1;
			};
			name = Debug;
		};
		3105BB1C25BBC61C00A2E401 /* Release */ = {
			isa = XCBuildConfiguration;
			baseConfigurationReference = 14F2BE118767E4265E51EE11 /* Pods-YSKitProject.release.xcconfig */;
			buildSettings = {
				ASSETCATALOG_COMPILER_APPICON_NAME = AppIcon;
				ASSETCATALOG_COMPILER_GLOBAL_ACCENT_COLOR_NAME = AccentColor;
				CLANG_ENABLE_MODULES = YES;
				CODE_SIGN_STYLE = Automatic;
				CURRENT_PROJECT_VERSION = 1;
				DEVELOPMENT_TEAM = CL7DS2QP8C;
				INFOPLIST_FILE = YSKitProject/Info.plist;
				INFOPLIST_KEY_CFBundleDisplayName = YSKit;
				INFOPLIST_KEY_LSApplicationCategoryType = "public.app-category.developer-tools";
				INFOPLIST_KEY_UIApplicationSceneManifest_Generation = YES;
				LD_RUNPATH_SEARCH_PATHS = (
					"$(inherited)",
					"@executable_path/Frameworks",
				);
				MARKETING_VERSION = 1.0.0;
				PRODUCT_BUNDLE_IDENTIFIER = cn.ys.yskit;
				PRODUCT_NAME = "$(TARGET_NAME)";
				SUPPORTED_PLATFORMS = "iphoneos iphonesimulator";
				SUPPORTS_MACCATALYST = NO;
				SUPPORTS_MAC_DESIGNED_FOR_IPHONE_IPAD = NO;
				SWIFT_OBJC_BRIDGING_HEADER = "YSKitProject/YSKitProject-Bridging-Header.h";
				SWIFT_VERSION = 5.0;
				TARGETED_DEVICE_FAMILY = 1;
			};
			name = Release;
		};
/* End XCBuildConfiguration section */

/* Begin XCConfigurationList section */
		3105BB0125BBC61C00A2E401 /* Build configuration list for PBXProject "YSKitProject" */ = {
			isa = XCConfigurationList;
			buildConfigurations = (
				3105BB1825BBC61C00A2E401 /* Debug */,
				3105BB1925BBC61C00A2E401 /* Release */,
			);
			defaultConfigurationIsVisible = 0;
			defaultConfigurationName = Release;
		};
		3105BB1A25BBC61C00A2E401 /* Build configuration list for PBXNativeTarget "YSKitProject" */ = {
			isa = XCConfigurationList;
			buildConfigurations = (
				3105BB1B25BBC61C00A2E401 /* Debug */,
				3105BB1C25BBC61C00A2E401 /* Release */,
			);
			defaultConfigurationIsVisible = 0;
			defaultConfigurationName = Release;
		};
/* End XCConfigurationList section */
	};
	rootObject = 3105BAFE25BBC61C00A2E401 /* Project object */;
}
